
Microsoft Visual Studio Solution File, Format Version 12.00
# Visual Studio Version 16
VisualStudioVersion = 16.0.29926.136
MinimumVisualStudioVersion = 10.0.40219.1
Project("{FAE04EC0-301F-11D3-BF4B-00C04F79EFBC}") = "SORTEDLIST_HOMEWORK", "SORTEDLIST_HOMEWORK\SORTEDLIST_HOMEWORK.csproj", "{5C2C76CC-7681-4260-A485-41DE320CADE0}"
EndProject
Global
	GlobalSection(SolutionConfigurationPlatforms) = preSolution
		Debug|Any CPU = Debug|Any CPU
		Release|Any CPU = Release|Any CPU
	EndGlobalSection
	GlobalSection(ProjectConfigurationPlatforms) = postSolution
		{5C2C76CC-7681-4260-A485-41DE320CADE0}.Debug|Any CPU.ActiveCfg = Debug|Any CPU
		{5C2C76CC-7681-4260-A485-41DE320CADE0}.Debug|Any CPU.Build.0 = Debug|Any CPU
		{5C2C76CC-7681-4260-A485-41DE320CADE0}.Release|Any CPU.ActiveCfg = Release|Any CPU
		{5C2C76CC-7681-4260-A485-41DE320CADE0}.Release|Any CPU.Build.0 = Release|Any CPU
	EndGlobalSection
	GlobalSection(SolutionProperties) = preSolution
		HideSolutionNode = FALSE
	EndGlobalSection
	GlobalSection(ExtensibilityGlobals) = postSolution
		SolutionGuid = {FCE92461-F892-4B9F-8649-D1436BBE55D1}
	EndGlobalSection
EndGlobal
